
Microsoft Visual Studio Solution File, Format Version 12.00
# Visual Studio 2015
Project("{FAE04EC0-301F-11D3-BF4B-00C04F79EFBC}") = "Glitch Fights", "Glitch Fights.csproj", "{B6B89294-4E17-C372-3AE4-8243692CFEB7}"
EndProject
Global
	GlobalSection(SolutionConfigurationPlatforms) = preSolution
		Debug|Any CPU = Debug|Any CPU
		Release|Any CPU = Release|Any CPU
	EndGlobalSection
	GlobalSection(ProjectConfigurationPlatforms) = postSolution
		{B6B89294-4E17-C372-3AE4-8243692CFEB7}.Debug|Any CPU.ActiveCfg = Debug|Any CPU
		{B6B89294-4E17-C372-3AE4-8243692CFEB7}.Debug|Any CPU.Build.0 = Debug|Any CPU
		{B6B89294-4E17-C372-3AE4-8243692CFEB7}.Release|Any CPU.ActiveCfg = Release|Any CPU
		{B6B89294-4E17-C372-3AE4-8243692CFEB7}.Release|Any CPU.Build.0 = Release|Any CPU
	EndGlobalSection
	GlobalSection(SolutionProperties) = preSolution
		HideSolutionNode = FALSE
	EndGlobalSection
EndGlobal
